
Microsoft Visual Studio Solution File, Format Version 12.00
# Visual Studio 14
VisualStudioVersion = 14.0.24720.0
MinimumVisualStudioVersion = 10.0.40219.1
Project("{E24C65DC-7377-472B-9ABA-BC803B73C61A}") = "SimpleSOAP", "SimpleSOAP\", "{B1B72607-DB54-4F22-88DC-51C5702F6019}"
	ProjectSection(WebsiteProperties) = preProject
		TargetFrameworkMoniker = ".NETFramework,Version%3Dv3.5"
		Debug.AspNetCompiler.VirtualPath = "/localhost_62369"
		Debug.AspNetCompiler.PhysicalPath = "SimpleSOAP\"
		Debug.AspNetCompiler.TargetPath = "PrecompiledWeb\localhost_62369\"
		Debug.AspNetCompiler.Updateable = "true"
		Debug.AspNetCompiler.ForceOverwrite = "true"
		Debug.AspNetCompiler.FixedNames = "false"
		Debug.AspNetCompiler.Debug = "True"
		Release.AspNetCompiler.VirtualPath = "/localhost_62369"
		Release.AspNetCompiler.PhysicalPath = "SimpleSOAP\"
		Release.AspNetCompiler.TargetPath = "PrecompiledWeb\localhost_62369\"
		Release.AspNetCompiler.Updateable = "true"
		Release.AspNetCompiler.ForceOverwrite = "true"
		Release.AspNetCompiler.FixedNames = "false"
		Release.AspNetCompiler.Debug = "False"
		VWDPort = "62369"
		SlnRelativePath = "SimpleSOAP\"
		DefaultWebSiteLanguage = "Visual C#"
	EndProjectSection
EndProject
Project("{2150E333-8FDC-42A3-9474-1A3956D46DE8}") = "Solution Items", "Solution Items", "{31F4288D-4A6A-4D91-B66B-F5C40215C641}"
EndProject
Global
	GlobalSection(SolutionConfigurationPlatforms) = preSolution
		Debug|Any CPU = Debug|Any CPU
	EndGlobalSection
	GlobalSection(ProjectConfigurationPlatforms) = postSolution
		{B1B72607-DB54-4F22-88DC-51C5702F6019}.Debug|Any CPU.ActiveCfg = Debug|Any CPU
		{B1B72607-DB54-4F22-88DC-51C5702F6019}.Debug|Any CPU.Build.0 = Debug|Any CPU
	EndGlobalSection
	GlobalSection(SolutionProperties) = preSolution
		HideSolutionNode = FALSE
	EndGlobalSection
EndGlobal
